// !$*UTF8*$!
{
	archiveVersion = 1;
	classes = {
	};
	objectVersion = 46;
	objects = {

/* Begin PBXBuildFile section */
		0E8ECE1117B2C7DD000EFE1C /* Foundation.framework in Frameworks */ = {isa = PBXBuildFile; fileRef = 0E8ECE1017B2C7DD000EFE1C /* Foundation.framework */; };
		0E8ECE1617B2C7DD000EFE1C /* SlidePayCore.h in CopyFiles */ = {isa = PBXBuildFile; fileRef = 0E8ECE1517B2C7DD000EFE1C /* SlidePayCore.h */; };
		0E8ECE1817B2C7DD000EFE1C /* SlidePayCore.m in Sources */ = {isa = PBXBuildFile; fileRef = 0E8ECE1717B2C7DD000EFE1C /* SlidePayCore.m */; };
		0E8ECE2017B2C7DD000EFE1C /* SenTestingKit.framework in Frameworks */ = {isa = PBXBuildFile; fileRef = 0E8ECE1F17B2C7DD000EFE1C /* SenTestingKit.framework */; };
		0E8ECE2217B2C7DD000EFE1C /* UIKit.framework in Frameworks */ = {isa = PBXBuildFile; fileRef = 0E8ECE2117B2C7DD000EFE1C /* UIKit.framework */; };
		0E8ECE2317B2C7DD000EFE1C /* Foundation.framework in Frameworks */ = {isa = PBXBuildFile; fileRef = 0E8ECE1017B2C7DD000EFE1C /* Foundation.framework */; };
		0E8ECE2617B2C7DD000EFE1C /* libSlidePayCore.a in Frameworks */ = {isa = PBXBuildFile; fileRef = 0E8ECE0D17B2C7DD000EFE1C /* libSlidePayCore.a */; };
		0E8ECE2C17B2C7DD000EFE1C /* InfoPlist.strings in Resources */ = {isa = PBXBuildFile; fileRef = 0E8ECE2A17B2C7DD000EFE1C /* InfoPlist.strings */; };
		0E8ECE2F17B2C7DD000EFE1C /* SlidePayCoreTests.m in Sources */ = {isa = PBXBuildFile; fileRef = 0E8ECE2E17B2C7DD000EFE1C /* SlidePayCoreTests.m */; };
		0EB81F0017B4750A00F5F65A /* AudioToolbox.framework in Frameworks */ = {isa = PBXBuildFile; fileRef = 0EB81EFF17B4750A00F5F65A /* AudioToolbox.framework */; };
		0EB81F0217B4751100F5F65A /* ExternalAccessory.framework in Frameworks */ = {isa = PBXBuildFile; fileRef = 0EB81F0117B4751100F5F65A /* ExternalAccessory.framework */; };
		0EB81F0417B4751A00F5F65A /* libstdc++.dylib in Frameworks */ = {isa = PBXBuildFile; fileRef = 0EB81F0317B4751A00F5F65A /* libstdc++.dylib */; };
		0EB81F0617B4751F00F5F65A /* MediaPlayer.framework in Frameworks */ = {isa = PBXBuildFile; fileRef = 0EB81F0517B4751F00F5F65A /* MediaPlayer.framework */; };
		0EB81F0817B4752600F5F65A /* CoreAudio.framework in Frameworks */ = {isa = PBXBuildFile; fileRef = 0EB81F0717B4752600F5F65A /* CoreAudio.framework */; };
		0EB81F0A17B4752C00F5F65A /* CoreLocation.framework in Frameworks */ = {isa = PBXBuildFile; fileRef = 0EB81F0917B4752C00F5F65A /* CoreLocation.framework */; };
		0EB81F1317B475BD00F5F65A /* AudioCaptureRecorder.m in Sources */ = {isa = PBXBuildFile; fileRef = 0EB81F0B17B475BD00F5F65A /* AudioCaptureRecorder.m */; };
		0EB81F1417B475BD00F5F65A /* libMTSCRA.a in Frameworks */ = {isa = PBXBuildFile; fileRef = 0EB81F0C17B475BD00F5F65A /* libMTSCRA.a */; };
		0EB81F1517B475BD00F5F65A /* AudioReader.cpp in Sources */ = {isa = PBXBuildFile; fileRef = 0EB81F0E17B475BD00F5F65A /* AudioReader.cpp */; };
		0EB81F1617B475BD00F5F65A /* libReaderAPI-1.3.1.a in Frameworks */ = {isa = PBXBuildFile; fileRef = 0EB81F1117B475BD00F5F65A /* libReaderAPI-1.3.1.a */; };
		0EE9BC9417B9FE9B00285ABA /* SlidePayCoreHelper.m in Sources */ = {isa = PBXBuildFile; fileRef = 0EE9BC9317B9FE9B00285ABA /* SlidePayCoreHelper.m */; };
		0EE9BC9517BA98E900285ABA /* SlidePayCoreHelper.h in CopyFiles */ = {isa = PBXBuildFile; fileRef = 0EE9BC9217B9FE9B00285ABA /* SlidePayCoreHelper.h */; };
/* End PBXBuildFile section */

/* Begin PBXContainerItemProxy section */
		0E8ECE2417B2C7DD000EFE1C /* PBXContainerItemProxy */ = {
			isa = PBXContainerItemProxy;
			containerPortal = 0E8ECE0517B2C7DD000EFE1C /* Project object */;
			proxyType = 1;
			remoteGlobalIDString = 0E8ECE0C17B2C7DD000EFE1C;
			remoteInfo = SlidePayCore;
		};
/* End PBXContainerItemProxy section */

/* Begin PBXCopyFilesBuildPhase section */
		0E8ECE0B17B2C7DD000EFE1C /* CopyFiles */ = {
			isa = PBXCopyFilesBuildPhase;
			buildActionMask = 12;
			dstPath = "include/${PRODUCT_NAME}";
			dstSubfolderSpec = 16;
			files = (
				0EE9BC9517BA98E900285ABA /* SlidePayCoreHelper.h in CopyFiles */,
				0E8ECE1617B2C7DD000EFE1C /* SlidePayCore.h in CopyFiles */,
			);
			runOnlyForDeploymentPostprocessing = 0;
		};
/* End PBXCopyFilesBuildPhase section */

/* Begin PBXFileReference section */
		0E8ECE0D17B2C7DD000EFE1C /* libSlidePayCore.a */ = {isa = PBXFileReference; explicitFileType = archive.ar; includeInIndex = 0; path = libSlidePayCore.a; sourceTree = BUILT_PRODUCTS_DIR; };
		0E8ECE1017B2C7DD000EFE1C /* Foundation.framework */ = {isa = PBXFileReference; lastKnownFileType = wrapper.framework; name = Foundation.framework; path = System/Library/Frameworks/Foundation.framework; sourceTree = SDKROOT; };
		0E8ECE1417B2C7DD000EFE1C /* SlidePayCore-Prefix.pch */ = {isa = PBXFileReference; lastKnownFileType = sourcecode.c.h; path = "SlidePayCore-Prefix.pch"; sourceTree = "<group>"; };
		0E8ECE1517B2C7DD000EFE1C /* SlidePayCore.h */ = {isa = PBXFileReference; lastKnownFileType = sourcecode.c.h; path = SlidePayCore.h; sourceTree = "<group>"; };
		0E8ECE1717B2C7DD000EFE1C /* SlidePayCore.m */ = {isa = PBXFileReference; lastKnownFileType = sourcecode.c.objc; path = SlidePayCore.m; sourceTree = "<group>"; };
		0E8ECE1E17B2C7DD000EFE1C /* SlidePayCoreTests.octest */ = {isa = PBXFileReference; explicitFileType = wrapper.cfbundle; includeInIndex = 0; path = SlidePayCoreTests.octest; sourceTree = BUILT_PRODUCTS_DIR; };
		0E8ECE1F17B2C7DD000EFE1C /* SenTestingKit.framework */ = {isa = PBXFileReference; lastKnownFileType = wrapper.framework; name = SenTestingKit.framework; path = Library/Frameworks/SenTestingKit.framework; sourceTree = DEVELOPER_DIR; };
		0E8ECE2117B2C7DD000EFE1C /* UIKit.framework */ = {isa = PBXFileReference; lastKnownFileType = wrapper.framework; name = UIKit.framework; path = Library/Frameworks/UIKit.framework; sourceTree = DEVELOPER_DIR; };
		0E8ECE2917B2C7DD000EFE1C /* SlidePayCoreTests-Info.plist */ = {isa = PBXFileReference; lastKnownFileType = text.plist.xml; path = "SlidePayCoreTests-Info.plist"; sourceTree = "<group>"; };
		0E8ECE2B17B2C7DD000EFE1C /* en */ = {isa = PBXFileReference; lastKnownFileType = text.plist.strings; name = en; path = en.lproj/InfoPlist.strings; sourceTree = "<group>"; };
		0E8ECE2D17B2C7DD000EFE1C /* SlidePayCoreTests.h */ = {isa = PBXFileReference; lastKnownFileType = sourcecode.c.h; path = SlidePayCoreTests.h; sourceTree = "<group>"; };
		0E8ECE2E17B2C7DD000EFE1C /* SlidePayCoreTests.m */ = {isa = PBXFileReference; lastKnownFileType = sourcecode.c.objc; path = SlidePayCoreTests.m; sourceTree = "<group>"; };
		0EB81EFF17B4750A00F5F65A /* AudioToolbox.framework */ = {isa = PBXFileReference; lastKnownFileType = wrapper.framework; name = AudioToolbox.framework; path = System/Library/Frameworks/AudioToolbox.framework; sourceTree = SDKROOT; };
		0EB81F0117B4751100F5F65A /* ExternalAccessory.framework */ = {isa = PBXFileReference; lastKnownFileType = wrapper.framework; name = ExternalAccessory.framework; path = System/Library/Frameworks/ExternalAccessory.framework; sourceTree = SDKROOT; };
		0EB81F0317B4751A00F5F65A /* libstdc++.dylib */ = {isa = PBXFileReference; lastKnownFileType = "compiled.mach-o.dylib"; name = "libstdc++.dylib"; path = "usr/lib/libstdc++.dylib"; sourceTree = SDKROOT; };
		0EB81F0517B4751F00F5F65A /* MediaPlayer.framework */ = {isa = PBXFileReference; lastKnownFileType = wrapper.framework; name = MediaPlayer.framework; path = System/Library/Frameworks/MediaPlayer.framework; sourceTree = SDKROOT; };
		0EB81F0717B4752600F5F65A /* CoreAudio.framework */ = {isa = PBXFileReference; lastKnownFileType = wrapper.framework; name = CoreAudio.framework; path = System/Library/Frameworks/CoreAudio.framework; sourceTree = SDKROOT; };
		0EB81F0917B4752C00F5F65A /* CoreLocation.framework */ = {isa = PBXFileReference; lastKnownFileType = wrapper.framework; name = CoreLocation.framework; path = System/Library/Frameworks/CoreLocation.framework; sourceTree = SDKROOT; };
		0EB81F0B17B475BD00F5F65A /* AudioCaptureRecorder.m */ = {isa = PBXFileReference; fileEncoding = 4; lastKnownFileType = sourcecode.c.objc; path = AudioCaptureRecorder.m; sourceTree = "<group>"; };
		0EB81F0C17B475BD00F5F65A /* libMTSCRA.a */ = {isa = PBXFileReference; lastKnownFileType = archive.ar; path = libMTSCRA.a; sourceTree = "<group>"; };
		0EB81F0D17B475BD00F5F65A /* AudioCaptureRecorder.h */ = {isa = PBXFileReference; fileEncoding = 4; lastKnownFileType = sourcecode.c.h; path = AudioCaptureRecorder.h; sourceTree = "<group>"; };
		0EB81F0E17B475BD00F5F65A /* AudioReader.cpp */ = {isa = PBXFileReference; fileEncoding = 4; lastKnownFileType = sourcecode.cpp.cpp; path = AudioReader.cpp; sourceTree = "<group>"; };
		0EB81F0F17B475BD00F5F65A /* AudioReader.h */ = {isa = PBXFileReference; fileEncoding = 4; lastKnownFileType = sourcecode.c.h; path = AudioReader.h; sourceTree = "<group>"; };
		0EB81F1017B475BD00F5F65A /* MTSCRA.h */ = {isa = PBXFileReference; fileEncoding = 4; lastKnownFileType = sourcecode.c.h; path = MTSCRA.h; sourceTree = "<group>"; };
		0EB81F1117B475BD00F5F65A /* libReaderAPI-1.3.1.a */ = {isa = PBXFileReference; lastKnownFileType = archive.ar; path = "libReaderAPI-1.3.1.a"; sourceTree = "<group>"; };
		0EB81F1217B475BD00F5F65A /* ReaderController.h */ = {isa = PBXFileReference; fileEncoding = 4; lastKnownFileType = sourcecode.c.h; path = ReaderController.h; sourceTree = "<group>"; };
		0EE9BC9217B9FE9B00285ABA /* SlidePayCoreHelper.h */ = {isa = PBXFileReference; fileEncoding = 4; lastKnownFileType = sourcecode.c.h; path = SlidePayCoreHelper.h; sourceTree = "<group>"; };
		0EE9BC9317B9FE9B00285ABA /* SlidePayCoreHelper.m */ = {isa = PBXFileReference; fileEncoding = 4; lastKnownFileType = sourcecode.c.objc; path = SlidePayCoreHelper.m; sourceTree = "<group>"; };
/* End PBXFileReference section */

/* Begin PBXFrameworksBuildPhase section */
		0E8ECE0A17B2C7DD000EFE1C /* Frameworks */ = {
			isa = PBXFrameworksBuildPhase;
			buildActionMask = 2147483647;
			files = (
				0EB81F0A17B4752C00F5F65A /* CoreLocation.framework in Frameworks */,
				0EB81F0817B4752600F5F65A /* CoreAudio.framework in Frameworks */,
				0EB81F0617B4751F00F5F65A /* MediaPlayer.framework in Frameworks */,
				0EB81F0417B4751A00F5F65A /* libstdc++.dylib in Frameworks */,
				0EB81F0217B4751100F5F65A /* ExternalAccessory.framework in Frameworks */,
				0EB81F0017B4750A00F5F65A /* AudioToolbox.framework in Frameworks */,
				0E8ECE1117B2C7DD000EFE1C /* Foundation.framework in Frameworks */,
				0EB81F1417B475BD00F5F65A /* libMTSCRA.a in Frameworks */,
				0EB81F1617B475BD00F5F65A /* libReaderAPI-1.3.1.a in Frameworks */,
			);
			runOnlyForDeploymentPostprocessing = 0;
		};
		0E8ECE1A17B2C7DD000EFE1C /* Frameworks */ = {
			isa = PBXFrameworksBuildPhase;
			buildActionMask = 2147483647;
			files = (
				0E8ECE2017B2C7DD000EFE1C /* SenTestingKit.framework in Frameworks */,
				0E8ECE2217B2C7DD000EFE1C /* UIKit.framework in Frameworks */,
				0E8ECE2317B2C7DD000EFE1C /* Foundation.framework in Frameworks */,
				0E8ECE2617B2C7DD000EFE1C /* libSlidePayCore.a in Frameworks */,
			);
			runOnlyForDeploymentPostprocessing = 0;
		};
/* End PBXFrameworksBuildPhase section */

/* Begin PBXGroup section */
		0E8ECE0417B2C7DD000EFE1C = {
			isa = PBXGroup;
			children = (
				0EB81F0917B4752C00F5F65A /* CoreLocation.framework */,
				0EB81F0717B4752600F5F65A /* CoreAudio.framework */,
				0EB81F0517B4751F00F5F65A /* MediaPlayer.framework */,
				0EB81F0317B4751A00F5F65A /* libstdc++.dylib */,
				0EB81F0117B4751100F5F65A /* ExternalAccessory.framework */,
				0EB81EFF17B4750A00F5F65A /* AudioToolbox.framework */,
				0E8ECE1217B2C7DD000EFE1C /* SlidePayCore */,
				0E8ECE2717B2C7DD000EFE1C /* SlidePayCoreTests */,
				0E8ECE0F17B2C7DD000EFE1C /* Frameworks */,
				0E8ECE0E17B2C7DD000EFE1C /* Products */,
			);
			sourceTree = "<group>";
		};
		0E8ECE0E17B2C7DD000EFE1C /* Products */ = {
			isa = PBXGroup;
			children = (
				0E8ECE0D17B2C7DD000EFE1C /* libSlidePayCore.a */,
				0E8ECE1E17B2C7DD000EFE1C /* SlidePayCoreTests.octest */,
			);
			name = Products;
			sourceTree = "<group>";
		};
		0E8ECE0F17B2C7DD000EFE1C /* Frameworks */ = {
			isa = PBXGroup;
			children = (
				0E8ECE1017B2C7DD000EFE1C /* Foundation.framework */,
				0E8ECE1F17B2C7DD000EFE1C /* SenTestingKit.framework */,
				0E8ECE2117B2C7DD000EFE1C /* UIKit.framework */,
			);
			name = Frameworks;
			sourceTree = "<group>";
		};
		0E8ECE1217B2C7DD000EFE1C /* SlidePayCore */ = {
			isa = PBXGroup;
			children = (
				0EB81F0B17B475BD00F5F65A /* AudioCaptureRecorder.m */,
				0EB81F0C17B475BD00F5F65A /* libMTSCRA.a */,
				0EB81F0D17B475BD00F5F65A /* AudioCaptureRecorder.h */,
				0EB81F0E17B475BD00F5F65A /* AudioReader.cpp */,
				0EB81F0F17B475BD00F5F65A /* AudioReader.h */,
				0EB81F1017B475BD00F5F65A /* MTSCRA.h */,
				0EB81F1117B475BD00F5F65A /* libReaderAPI-1.3.1.a */,
				0EB81F1217B475BD00F5F65A /* ReaderController.h */,
				0E8ECE1517B2C7DD000EFE1C /* SlidePayCore.h */,
				0E8ECE1717B2C7DD000EFE1C /* SlidePayCore.m */,
				0E8ECE1317B2C7DD000EFE1C /* Supporting Files */,
				0EE9BC9217B9FE9B00285ABA /* SlidePayCoreHelper.h */,
				0EE9BC9317B9FE9B00285ABA /* SlidePayCoreHelper.m */,
			);
			path = SlidePayCore;
			sourceTree = "<group>";
		};
		0E8ECE1317B2C7DD000EFE1C /* Supporting Files */ = {
			isa = PBXGroup;
			children = (
				0E8ECE1417B2C7DD000EFE1C /* SlidePayCore-Prefix.pch */,
			);
			name = "Supporting Files";
			sourceTree = "<group>";
		};
		0E8ECE2717B2C7DD000EFE1C /* SlidePayCoreTests */ = {
			isa = PBXGroup;
			children = (
				0E8ECE2D17B2C7DD000EFE1C /* SlidePayCoreTests.h */,
				0E8ECE2E17B2C7DD000EFE1C /* SlidePayCoreTests.m */,
				0E8ECE2817B2C7DD000EFE1C /* Supporting Files */,
			);
			path = SlidePayCoreTests;
			sourceTree = "<group>";
		};
		0E8ECE2817B2C7DD000EFE1C /* Supporting Files */ = {
			isa = PBXGroup;
			children = (
				0E8ECE2917B2C7DD000EFE1C /* SlidePayCoreTests-Info.plist */,
				0E8ECE2A17B2C7DD000EFE1C /* InfoPlist.strings */,
			);
			name = "Supporting Files";
			sourceTree = "<group>";
		};
/* End PBXGroup section */

/* Begin PBXNativeTarget section */
		0E8ECE0C17B2C7DD000EFE1C /* SlidePayCore */ = {
			isa = PBXNativeTarget;
			buildConfigurationList = 0E8ECE3217B2C7DD000EFE1C /* Build configuration list for PBXNativeTarget "SlidePayCore" */;
			buildPhases = (
				0E8ECE0917B2C7DD000EFE1C /* Sources */,
				0E8ECE0A17B2C7DD000EFE1C /* Frameworks */,
				0E8ECE0B17B2C7DD000EFE1C /* CopyFiles */,
			);
			buildRules = (
			);
			dependencies = (
			);
			name = SlidePayCore;
			productName = SlidePayCore;
			productReference = 0E8ECE0D17B2C7DD000EFE1C /* libSlidePayCore.a */;
			productType = "com.apple.product-type.library.static";
		};
		0E8ECE1D17B2C7DD000EFE1C /* SlidePayCoreTests */ = {
			isa = PBXNativeTarget;
			buildConfigurationList = 0E8ECE3517B2C7DD000EFE1C /* Build configuration list for PBXNativeTarget "SlidePayCoreTests" */;
			buildPhases = (
				0E8ECE1917B2C7DD000EFE1C /* Sources */,
				0E8ECE1A17B2C7DD000EFE1C /* Frameworks */,
				0E8ECE1B17B2C7DD000EFE1C /* Resources */,
				0E8ECE1C17B2C7DD000EFE1C /* ShellScript */,
			);
			buildRules = (
			);
			dependencies = (
				0E8ECE2517B2C7DD000EFE1C /* PBXTargetDependency */,
			);
			name = SlidePayCoreTests;
			productName = SlidePayCoreTests;
			productReference = 0E8ECE1E17B2C7DD000EFE1C /* SlidePayCoreTests.octest */;
			productType = "com.apple.product-type.bundle";
		};
/* End PBXNativeTarget section */

/* Begin PBXProject section */
		0E8ECE0517B2C7DD000EFE1C /* Project object */ = {
			isa = PBXProject;
			attributes = {
				LastUpgradeCheck = 0460;
				ORGANIZATIONNAME = SlidePay;
			};
			buildConfigurationList = 0E8ECE0817B2C7DD000EFE1C /* Build configuration list for PBXProject "SlidePayCore" */;
			compatibilityVersion = "Xcode 3.2";
			developmentRegion = English;
			hasScannedForEncodings = 0;
			knownRegions = (
				en,
			);
			mainGroup = 0E8ECE0417B2C7DD000EFE1C;
			productRefGroup = 0E8ECE0E17B2C7DD000EFE1C /* Products */;
			projectDirPath = "";
			projectRoot = "";
			targets = (
				0E8ECE0C17B2C7DD000EFE1C /* SlidePayCore */,
				0E8ECE1D17B2C7DD000EFE1C /* SlidePayCoreTests */,
			);
		};
/* End PBXProject section */

/* Begin PBXResourcesBuildPhase section */
		0E8ECE1B17B2C7DD000EFE1C /* Resources */ = {
			isa = PBXResourcesBuildPhase;
			buildActionMask = 2147483647;
			files = (
				0E8ECE2C17B2C7DD000EFE1C /* InfoPlist.strings in Resources */,
			);
			runOnlyForDeploymentPostprocessing = 0;
		};
/* End PBXResourcesBuildPhase section */

/* Begin PBXShellScriptBuildPhase section */
		0E8ECE1C17B2C7DD000EFE1C /* ShellScript */ = {
			isa = PBXShellScriptBuildPhase;
			buildActionMask = 2147483647;
			files = (
			);
			inputPaths = (
			);
			outputPaths = (
			);
			runOnlyForDeploymentPostprocessing = 0;
			shellPath = /bin/sh;
			shellScript = "# Run the unit tests in this test bundle.\n\"${SYSTEM_DEVELOPER_DIR}/Tools/RunUnitTests\"\n";
		};
/* End PBXShellScriptBuildPhase section */

/* Begin PBXSourcesBuildPhase section */
		0E8ECE0917B2C7DD000EFE1C /* Sources */ = {
			isa = PBXSourcesBuildPhase;
			buildActionMask = 2147483647;
			files = (
				0E8ECE1817B2C7DD000EFE1C /* SlidePayCore.m in Sources */,
				0EB81F1317B475BD00F5F65A /* AudioCaptureRecorder.m in Sources */,
				0EB81F1517B475BD00F5F65A /* AudioReader.cpp in Sources */,
				0EE9BC9417B9FE9B00285ABA /* SlidePayCoreHelper.m in Sources */,
			);
			runOnlyForDeploymentPostprocessing = 0;
		};
		0E8ECE1917B2C7DD000EFE1C /* Sources */ = {
			isa = PBXSourcesBuildPhase;
			buildActionMask = 2147483647;
			files = (
				0E8ECE2F17B2C7DD000EFE1C /* SlidePayCoreTests.m in Sources */,
			);
			runOnlyForDeploymentPostprocessing = 0;
		};
/* End PBXSourcesBuildPhase section */

/* Begin PBXTargetDependency section */
		0E8ECE2517B2C7DD000EFE1C /* PBXTargetDependency */ = {
			isa = PBXTargetDependency;
			target = 0E8ECE0C17B2C7DD000EFE1C /* SlidePayCore */;
			targetProxy = 0E8ECE2417B2C7DD000EFE1C /* PBXContainerItemProxy */;
		};
/* End PBXTargetDependency section */

/* Begin PBXVariantGroup section */
		0E8ECE2A17B2C7DD000EFE1C /* InfoPlist.strings */ = {
			isa = PBXVariantGroup;
			children = (
				0E8ECE2B17B2C7DD000EFE1C /* en */,
			);
			name = InfoPlist.strings;
			sourceTree = "<group>";
		};
/* End PBXVariantGroup section */

/* Begin XCBuildConfiguration section */
		0E8ECE3017B2C7DD000EFE1C /* Debug */ = {
			isa = XCBuildConfiguration;
			buildSettings = {
				ALWAYS_SEARCH_USER_PATHS = NO;
				CLANG_CXX_LANGUAGE_STANDARD = "gnu++0x";
				CLANG_CXX_LIBRARY = "libc++";
				CLANG_ENABLE_OBJC_ARC = YES;
				CLANG_WARN_CONSTANT_CONVERSION = YES;
				CLANG_WARN_EMPTY_BODY = YES;
				CLANG_WARN_ENUM_CONVERSION = YES;
				CLANG_WARN_INT_CONVERSION = YES;
				CLANG_WARN__DUPLICATE_METHOD_MATCH = YES;
				COPY_PHASE_STRIP = NO;
				GCC_C_LANGUAGE_STANDARD = gnu99;
				GCC_DYNAMIC_NO_PIC = NO;
				GCC_OPTIMIZATION_LEVEL = 0;
				GCC_PREPROCESSOR_DEFINITIONS = (
					"DEBUG=1",
					"$(inherited)",
				);
				GCC_SYMBOLS_PRIVATE_EXTERN = NO;
				GCC_WARN_ABOUT_RETURN_TYPE = YES;
				GCC_WARN_UNINITIALIZED_AUTOS = YES;
				GCC_WARN_UNUSED_VARIABLE = YES;
				IPHONEOS_DEPLOYMENT_TARGET = 6.0;
				ONLY_ACTIVE_ARCH = YES;
				SDKROOT = iphoneos;
			};
			name = Debug;
		};
		0E8ECE3117B2C7DD000EFE1C /* Release */ = {
			isa = XCBuildConfiguration;
			buildSettings = {
				ALWAYS_SEARCH_USER_PATHS = NO;
				CLANG_CXX_LANGUAGE_STANDARD = "gnu++0x";
				CLANG_CXX_LIBRARY = "libc++";
				CLANG_ENABLE_OBJC_ARC = YES;
				CLANG_WARN_CONSTANT_CONVERSION = YES;
				CLANG_WARN_EMPTY_BODY = YES;
				CLANG_WARN_ENUM_CONVERSION = YES;
				CLANG_WARN_INT_CONVERSION = YES;
				CLANG_WARN__DUPLICATE_METHOD_MATCH = YES;
				COPY_PHASE_STRIP = YES;
				GCC_C_LANGUAGE_STANDARD = gnu99;
				GCC_WARN_ABOUT_RETURN_TYPE = YES;
				GCC_WARN_UNINITIALIZED_AUTOS = YES;
				GCC_WARN_UNUSED_VARIABLE = YES;
				IPHONEOS_DEPLOYMENT_TARGET = 6.0;
				SDKROOT = iphoneos;
				VALIDATE_PRODUCT = YES;
			};
			name = Release;
		};
		0E8ECE3317B2C7DD000EFE1C /* Debug */ = {
			isa = XCBuildConfiguration;
			buildSettings = {
				DSTROOT = /tmp/SlidePayCore.dst;
				GCC_PRECOMPILE_PREFIX_HEADER = YES;
				GCC_PREFIX_HEADER = "SlidePayCore/SlidePayCore-Prefix.pch";
				LIBRARY_SEARCH_PATHS = (
					"$(inherited)",
					"\"$(SRCROOT)/SlidePayCore\"",
				);
				OTHER_LDFLAGS = "-ObjC";
				PRODUCT_NAME = "$(TARGET_NAME)";
				SKIP_INSTALL = YES;
			};
			name = Debug;
		};
		0E8ECE3417B2C7DD000EFE1C /* Release */ = {
			isa = XCBuildConfiguration;
			buildSettings = {
				DSTROOT = /tmp/SlidePayCore.dst;
				GCC_PRECOMPILE_PREFIX_HEADER = YES;
				GCC_PREFIX_HEADER = "SlidePayCore/SlidePayCore-Prefix.pch";
				LIBRARY_SEARCH_PATHS = (
					"$(inherited)",
					"\"$(SRCROOT)/SlidePayCore\"",
				);
				OTHER_LDFLAGS = "-ObjC";
				PRODUCT_NAME = "$(TARGET_NAME)";
				SKIP_INSTALL = YES;
			};
			name = Release;
		};
		0E8ECE3617B2C7DD000EFE1C /* Debug */ = {
			isa = XCBuildConfiguration;
			buildSettings = {
				FRAMEWORK_SEARCH_PATHS = (
					"\"$(SDKROOT)/Developer/Library/Frameworks\"",
					"\"$(DEVELOPER_LIBRARY_DIR)/Frameworks\"",
				);
				GCC_PRECOMPILE_PREFIX_HEADER = YES;
				GCC_PREFIX_HEADER = "SlidePayCore/SlidePayCore-Prefix.pch";
				INFOPLIST_FILE = "SlidePayCoreTests/SlidePayCoreTests-Info.plist";
				PRODUCT_NAME = "$(TARGET_NAME)";
				WRAPPER_EXTENSION = octest;
			};
			name = Debug;
		};
		0E8ECE3717B2C7DD000EFE1C /* Release */ = {
			isa = XCBuildConfiguration;
			buildSettings = {
				FRAMEWORK_SEARCH_PATHS = (
					"\"$(SDKROOT)/Developer/Library/Frameworks\"",
					"\"$(DEVELOPER_LIBRARY_DIR)/Frameworks\"",
				);
				GCC_PRECOMPILE_PREFIX_HEADER = YES;
				GCC_PREFIX_HEADER = "SlidePayCore/SlidePayCore-Prefix.pch";
				INFOPLIST_FILE = "SlidePayCoreTests/SlidePayCoreTests-Info.plist";
				PRODUCT_NAME = "$(TARGET_NAME)";
				WRAPPER_EXTENSION = octest;
			};
			name = Release;
		};
/* End XCBuildConfiguration section */

/* Begin XCConfigurationList section */
		0E8ECE0817B2C7DD000EFE1C /* Build configuration list for PBXProject "SlidePayCore" */ = {
			isa = XCConfigurationList;
			buildConfigurations = (
				0E8ECE3017B2C7DD000EFE1C /* Debug */,
				0E8ECE3117B2C7DD000EFE1C /* Release */,
			);
			defaultConfigurationIsVisible = 0;
			defaultConfigurationName = Release;
		};
		0E8ECE3217B2C7DD000EFE1C /* Build configuration list for PBXNativeTarget "SlidePayCore" */ = {
			isa = XCConfigurationList;
			buildConfigurations = (
				0E8ECE3317B2C7DD000EFE1C /* Debug */,
				0E8ECE3417B2C7DD000EFE1C /* Release */,
			);
			defaultConfigurationIsVisible = 0;
			defaultConfigurationName = Release;
		};
		0E8ECE3517B2C7DD000EFE1C /* Build configuration list for PBXNativeTarget "SlidePayCoreTests" */ = {
			isa = XCConfigurationList;
			buildConfigurations = (
				0E8ECE3617B2C7DD000EFE1C /* Debug */,
				0E8ECE3717B2C7DD000EFE1C /* Release */,
			);
			defaultConfigurationIsVisible = 0;
			defaultConfigurationName = Release;
		};
/* End XCConfigurationList section */
	};
	rootObject = 0E8ECE0517B2C7DD000EFE1C /* Project object */;
}
