// !$*UTF8*$!
{
	archiveVersion = 1;
	classes = {
	};
	objectVersion = 46;
	objects = {

/* Begin PBXBuildFile section */
		0E8ECE1117B2C7DD000EFE1C /* Foundation.framework in Frameworks */ = {isa = PBXBuildFile; fileRef = 0E8ECE1017B2C7DD000EFE1C /* Foundation.framework */; };
		0E8ECE2017B2C7DD000EFE1C /* SenTestingKit.framework in Frameworks */ = {isa = PBXBuildFile; fileRef = 0E8ECE1F17B2C7DD000EFE1C /* SenTestingKit.framework */; };
		0E8ECE2317B2C7DD000EFE1C /* Foundation.framework in Frameworks */ = {isa = PBXBuildFile; fileRef = 0E8ECE1017B2C7DD000EFE1C /* Foundation.framework */; };
		0E8ECE2617B2C7DD000EFE1C /* libSlidePayCore.a in Frameworks */ = {isa = PBXBuildFile; fileRef = 0E8ECE0D17B2C7DD000EFE1C /* libSlidePayCore.a */; };
		0E8ECE2C17B2C7DD000EFE1C /* InfoPlist.strings in Resources */ = {isa = PBXBuildFile; fileRef = 0E8ECE2A17B2C7DD000EFE1C /* InfoPlist.strings */; };
		0E8ECE2F17B2C7DD000EFE1C /* SlidePayCoreTests.m in Sources */ = {isa = PBXBuildFile; fileRef = 0E8ECE2E17B2C7DD000EFE1C /* SlidePayCoreTests.m */; };
		0EB81F0417B4751A00F5F65A /* libstdc++.dylib in Frameworks */ = {isa = PBXBuildFile; fileRef = 0EB81F0317B4751A00F5F65A /* libstdc++.dylib */; };
		CC7F31A327D74DD7AEB43D2B /* libPods.a in Frameworks */ = {isa = PBXBuildFile; fileRef = 2B7213FA62E04AFCA88365F2 /* libPods.a */; };
		FA0C209C17F5FB52003789F1 /* MobileCoreServices.framework in Frameworks */ = {isa = PBXBuildFile; fileRef = FA0C209B17F5FB52003789F1 /* MobileCoreServices.framework */; };
		FA0C209E17F5FB59003789F1 /* CFNetwork.framework in Frameworks */ = {isa = PBXBuildFile; fileRef = FA0C209D17F5FB59003789F1 /* CFNetwork.framework */; };
		FA0C20A017F5FB74003789F1 /* Security.framework in Frameworks */ = {isa = PBXBuildFile; fileRef = FA0C209F17F5FB74003789F1 /* Security.framework */; };
		FA0C20A117F5FB7D003789F1 /* Security.framework in Frameworks */ = {isa = PBXBuildFile; fileRef = FA0C209F17F5FB74003789F1 /* Security.framework */; };
		FA0C20A217F5FB83003789F1 /* MobileCoreServices.framework in Frameworks */ = {isa = PBXBuildFile; fileRef = FA0C209B17F5FB52003789F1 /* MobileCoreServices.framework */; };
		FA0C20A317F5FB88003789F1 /* CFNetwork.framework in Frameworks */ = {isa = PBXBuildFile; fileRef = FA0C209D17F5FB59003789F1 /* CFNetwork.framework */; };
		FA9D4ABA17F0AF5900A335CA /* SPRemoteResource.m in Sources */ = {isa = PBXBuildFile; fileRef = FA9D4AB917F0AF5900A335CA /* SPRemoteResource.m */; };
		FA9D4ABD17F0E25D00A335CA /* SPPayment.m in Sources */ = {isa = PBXBuildFile; fileRef = FA9D4ABC17F0E25D00A335CA /* SPPayment.m */; };
		FA9D4AC117F1FE7C00A335CA /* SPAuthenticate.m in Sources */ = {isa = PBXBuildFile; fileRef = FA9D4AC017F1FE7C00A335CA /* SPAuthenticate.m */; };
		FAD014F517F6099400758187 /* UIKit.framework in Frameworks */ = {isa = PBXBuildFile; fileRef = FAD014F417F6099400758187 /* UIKit.framework */; };
/* End PBXBuildFile section */

/* Begin PBXContainerItemProxy section */
		0E8ECE2417B2C7DD000EFE1C /* PBXContainerItemProxy */ = {
			isa = PBXContainerItemProxy;
			containerPortal = 0E8ECE0517B2C7DD000EFE1C /* Project object */;
			proxyType = 1;
			remoteGlobalIDString = 0E8ECE0C17B2C7DD000EFE1C;
			remoteInfo = SlidePayCore;
		};
/* End PBXContainerItemProxy section */

/* Begin PBXCopyFilesBuildPhase section */
		0E8ECE0B17B2C7DD000EFE1C /* CopyFiles */ = {
			isa = PBXCopyFilesBuildPhase;
			buildActionMask = 12;
			dstPath = "include/${PRODUCT_NAME}";
			dstSubfolderSpec = 16;
			files = (
			);
			runOnlyForDeploymentPostprocessing = 0;
		};
/* End PBXCopyFilesBuildPhase section */

/* Begin PBXFileReference section */
		0E8ECE0D17B2C7DD000EFE1C /* libSlidePayCore.a */ = {isa = PBXFileReference; explicitFileType = archive.ar; includeInIndex = 0; path = libSlidePayCore.a; sourceTree = BUILT_PRODUCTS_DIR; };
		0E8ECE1017B2C7DD000EFE1C /* Foundation.framework */ = {isa = PBXFileReference; lastKnownFileType = wrapper.framework; name = Foundation.framework; path = System/Library/Frameworks/Foundation.framework; sourceTree = SDKROOT; };
		0E8ECE1417B2C7DD000EFE1C /* SlidePayCore-Prefix.pch */ = {isa = PBXFileReference; lastKnownFileType = sourcecode.c.h; path = "SlidePayCore-Prefix.pch"; sourceTree = "<group>"; };
		0E8ECE1E17B2C7DD000EFE1C /* SlidePayCoreTests.octest */ = {isa = PBXFileReference; explicitFileType = wrapper.cfbundle; includeInIndex = 0; path = SlidePayCoreTests.octest; sourceTree = BUILT_PRODUCTS_DIR; };
		0E8ECE1F17B2C7DD000EFE1C /* SenTestingKit.framework */ = {isa = PBXFileReference; lastKnownFileType = wrapper.framework; name = SenTestingKit.framework; path = Library/Frameworks/SenTestingKit.framework; sourceTree = DEVELOPER_DIR; };
		0E8ECE2117B2C7DD000EFE1C /* UIKit.framework */ = {isa = PBXFileReference; lastKnownFileType = wrapper.framework; name = UIKit.framework; path = Library/Frameworks/UIKit.framework; sourceTree = DEVELOPER_DIR; };
		0E8ECE2917B2C7DD000EFE1C /* SlidePayCoreTests-Info.plist */ = {isa = PBXFileReference; lastKnownFileType = text.plist.xml; path = "SlidePayCoreTests-Info.plist"; sourceTree = "<group>"; };
		0E8ECE2B17B2C7DD000EFE1C /* en */ = {isa = PBXFileReference; lastKnownFileType = text.plist.strings; name = en; path = en.lproj/InfoPlist.strings; sourceTree = "<group>"; };
		0E8ECE2D17B2C7DD000EFE1C /* SlidePayCoreTests.h */ = {isa = PBXFileReference; lastKnownFileType = sourcecode.c.h; path = SlidePayCoreTests.h; sourceTree = "<group>"; };
		0E8ECE2E17B2C7DD000EFE1C /* SlidePayCoreTests.m */ = {isa = PBXFileReference; lastKnownFileType = sourcecode.c.objc; path = SlidePayCoreTests.m; sourceTree = "<group>"; };
		0EB81F0317B4751A00F5F65A /* libstdc++.dylib */ = {isa = PBXFileReference; lastKnownFileType = "compiled.mach-o.dylib"; name = "libstdc++.dylib"; path = "usr/lib/libstdc++.dylib"; sourceTree = SDKROOT; };
		2B7213FA62E04AFCA88365F2 /* libPods.a */ = {isa = PBXFileReference; explicitFileType = archive.ar; includeInIndex = 0; path = libPods.a; sourceTree = BUILT_PRODUCTS_DIR; };
		EE0F50EEB6C84331A0F315B9 /* Pods.xcconfig */ = {isa = PBXFileReference; includeInIndex = 1; lastKnownFileType = text.xcconfig; name = Pods.xcconfig; path = Pods/Pods.xcconfig; sourceTree = SOURCE_ROOT; };
		FA0C209917F5FA8E003789F1 /* libPods.a */ = {isa = PBXFileReference; lastKnownFileType = archive.ar; name = libPods.a; path = "Pods/build/Debug-iphoneos/libPods.a"; sourceTree = "<group>"; };
		FA0C209B17F5FB52003789F1 /* MobileCoreServices.framework */ = {isa = PBXFileReference; lastKnownFileType = wrapper.framework; name = MobileCoreServices.framework; path = System/Library/Frameworks/MobileCoreServices.framework; sourceTree = SDKROOT; };
		FA0C209D17F5FB59003789F1 /* CFNetwork.framework */ = {isa = PBXFileReference; lastKnownFileType = wrapper.framework; name = CFNetwork.framework; path = System/Library/Frameworks/CFNetwork.framework; sourceTree = SDKROOT; };
		FA0C209F17F5FB74003789F1 /* Security.framework */ = {isa = PBXFileReference; lastKnownFileType = wrapper.framework; name = Security.framework; path = System/Library/Frameworks/Security.framework; sourceTree = SDKROOT; };
		FA0C20A417F607CD003789F1 /* libPods.a */ = {isa = PBXFileReference; lastKnownFileType = archive.ar; name = libPods.a; path = "Pods/build/Debug-iphoneos/libPods.a"; sourceTree = "<group>"; };
		FA0C20A617F607F1003789F1 /* libPods.a */ = {isa = PBXFileReference; lastKnownFileType = archive.ar; name = libPods.a; path = "Pods/build/Debug-iphoneos/libPods.a"; sourceTree = "<group>"; };
		FA9D4AB817F0AF5900A335CA /* SPRemoteResource.h */ = {isa = PBXFileReference; fileEncoding = 4; lastKnownFileType = sourcecode.c.h; path = SPRemoteResource.h; sourceTree = "<group>"; };
		FA9D4AB917F0AF5900A335CA /* SPRemoteResource.m */ = {isa = PBXFileReference; fileEncoding = 4; lastKnownFileType = sourcecode.c.objc; path = SPRemoteResource.m; sourceTree = "<group>"; };
		FA9D4ABB17F0E25D00A335CA /* SPPayment.h */ = {isa = PBXFileReference; fileEncoding = 4; lastKnownFileType = sourcecode.c.h; name = SPPayment.h; path = ../SPPayment.h; sourceTree = "<group>"; };
		FA9D4ABC17F0E25D00A335CA /* SPPayment.m */ = {isa = PBXFileReference; fileEncoding = 4; lastKnownFileType = sourcecode.c.objc; name = SPPayment.m; path = ../SPPayment.m; sourceTree = "<group>"; };
		FA9D4ABF17F1FE7B00A335CA /* SPAuthenticate.h */ = {isa = PBXFileReference; fileEncoding = 4; lastKnownFileType = sourcecode.c.h; name = SPAuthenticate.h; path = ../SPAuthenticate.h; sourceTree = "<group>"; };
		FA9D4AC017F1FE7C00A335CA /* SPAuthenticate.m */ = {isa = PBXFileReference; fileEncoding = 4; lastKnownFileType = sourcecode.c.objc; name = SPAuthenticate.m; path = ../SPAuthenticate.m; sourceTree = "<group>"; };
		FAD014F417F6099400758187 /* UIKit.framework */ = {isa = PBXFileReference; lastKnownFileType = wrapper.framework; name = UIKit.framework; path = System/Library/Frameworks/UIKit.framework; sourceTree = SDKROOT; };
/* End PBXFileReference section */

/* Begin PBXFrameworksBuildPhase section */
		0E8ECE0A17B2C7DD000EFE1C /* Frameworks */ = {
			isa = PBXFrameworksBuildPhase;
			buildActionMask = 2147483647;
			files = (
				FA0C20A017F5FB74003789F1 /* Security.framework in Frameworks */,
				FA0C209E17F5FB59003789F1 /* CFNetwork.framework in Frameworks */,
				FA0C209C17F5FB52003789F1 /* MobileCoreServices.framework in Frameworks */,
				0EB81F0417B4751A00F5F65A /* libstdc++.dylib in Frameworks */,
				0E8ECE1117B2C7DD000EFE1C /* Foundation.framework in Frameworks */,
				CC7F31A327D74DD7AEB43D2B /* libPods.a in Frameworks */,
			);
			runOnlyForDeploymentPostprocessing = 0;
		};
		0E8ECE1A17B2C7DD000EFE1C /* Frameworks */ = {
			isa = PBXFrameworksBuildPhase;
			buildActionMask = 2147483647;
			files = (
				FAD014F517F6099400758187 /* UIKit.framework in Frameworks */,
				FA0C20A317F5FB88003789F1 /* CFNetwork.framework in Frameworks */,
				FA0C20A217F5FB83003789F1 /* MobileCoreServices.framework in Frameworks */,
				FA0C20A117F5FB7D003789F1 /* Security.framework in Frameworks */,
				0E8ECE2017B2C7DD000EFE1C /* SenTestingKit.framework in Frameworks */,
				0E8ECE2317B2C7DD000EFE1C /* Foundation.framework in Frameworks */,
				0E8ECE2617B2C7DD000EFE1C /* libSlidePayCore.a in Frameworks */,
			);
			runOnlyForDeploymentPostprocessing = 0;
		};
/* End PBXFrameworksBuildPhase section */

/* Begin PBXGroup section */
		0E8ECE0417B2C7DD000EFE1C = {
			isa = PBXGroup;
			children = (
				0EB81F0317B4751A00F5F65A /* libstdc++.dylib */,
				0E8ECE1217B2C7DD000EFE1C /* SlidePayCore */,
				0E8ECE2717B2C7DD000EFE1C /* SlidePayCoreTests */,
				0E8ECE0F17B2C7DD000EFE1C /* Frameworks */,
				0E8ECE0E17B2C7DD000EFE1C /* Products */,
				EE0F50EEB6C84331A0F315B9 /* Pods.xcconfig */,
			);
			sourceTree = "<group>";
		};
		0E8ECE0E17B2C7DD000EFE1C /* Products */ = {
			isa = PBXGroup;
			children = (
				0E8ECE0D17B2C7DD000EFE1C /* libSlidePayCore.a */,
				0E8ECE1E17B2C7DD000EFE1C /* SlidePayCoreTests.octest */,
			);
			name = Products;
			sourceTree = "<group>";
		};
		0E8ECE0F17B2C7DD000EFE1C /* Frameworks */ = {
			isa = PBXGroup;
			children = (
				FAD014F417F6099400758187 /* UIKit.framework */,
				FA0C20A617F607F1003789F1 /* libPods.a */,
				FA0C20A417F607CD003789F1 /* libPods.a */,
				FA0C209F17F5FB74003789F1 /* Security.framework */,
				FA0C209D17F5FB59003789F1 /* CFNetwork.framework */,
				FA0C209B17F5FB52003789F1 /* MobileCoreServices.framework */,
				FA0C209917F5FA8E003789F1 /* libPods.a */,
				0E8ECE1017B2C7DD000EFE1C /* Foundation.framework */,
				0E8ECE1F17B2C7DD000EFE1C /* SenTestingKit.framework */,
				0E8ECE2117B2C7DD000EFE1C /* UIKit.framework */,
				2B7213FA62E04AFCA88365F2 /* libPods.a */,
			);
			name = Frameworks;
			sourceTree = "<group>";
		};
		0E8ECE1217B2C7DD000EFE1C /* SlidePayCore */ = {
			isa = PBXGroup;
			children = (
				FA9D4ABF17F1FE7B00A335CA /* SPAuthenticate.h */,
				FA9D4AC017F1FE7C00A335CA /* SPAuthenticate.m */,
				FA9D4ABB17F0E25D00A335CA /* SPPayment.h */,
				FA9D4ABC17F0E25D00A335CA /* SPPayment.m */,
				FA9D4AB817F0AF5900A335CA /* SPRemoteResource.h */,
				FA9D4AB917F0AF5900A335CA /* SPRemoteResource.m */,
				0E8ECE1317B2C7DD000EFE1C /* Supporting Files */,
			);
			path = SlidePayCore;
			sourceTree = "<group>";
		};
		0E8ECE1317B2C7DD000EFE1C /* Supporting Files */ = {
			isa = PBXGroup;
			children = (
				0E8ECE1417B2C7DD000EFE1C /* SlidePayCore-Prefix.pch */,
			);
			name = "Supporting Files";
			sourceTree = "<group>";
		};
		0E8ECE2717B2C7DD000EFE1C /* SlidePayCoreTests */ = {
			isa = PBXGroup;
			children = (
				0E8ECE2D17B2C7DD000EFE1C /* SlidePayCoreTests.h */,
				0E8ECE2E17B2C7DD000EFE1C /* SlidePayCoreTests.m */,
				0E8ECE2817B2C7DD000EFE1C /* Supporting Files */,
			);
			path = SlidePayCoreTests;
			sourceTree = "<group>";
		};
		0E8ECE2817B2C7DD000EFE1C /* Supporting Files */ = {
			isa = PBXGroup;
			children = (
				0E8ECE2917B2C7DD000EFE1C /* SlidePayCoreTests-Info.plist */,
				0E8ECE2A17B2C7DD000EFE1C /* InfoPlist.strings */,
			);
			name = "Supporting Files";
			sourceTree = "<group>";
		};
/* End PBXGroup section */

/* Begin PBXNativeTarget section */
		0E8ECE0C17B2C7DD000EFE1C /* SlidePayCore */ = {
			isa = PBXNativeTarget;
			buildConfigurationList = 0E8ECE3217B2C7DD000EFE1C /* Build configuration list for PBXNativeTarget "SlidePayCore" */;
			buildPhases = (
				3D451557CA224A1C86F232D7 /* Check Pods Manifest.lock */,
				0E8ECE0917B2C7DD000EFE1C /* Sources */,
				0E8ECE0A17B2C7DD000EFE1C /* Frameworks */,
				0E8ECE0B17B2C7DD000EFE1C /* CopyFiles */,
				ABA0620CD4A64B74A8170F40 /* Copy Pods Resources */,
			);
			buildRules = (
			);
			dependencies = (
			);
			name = SlidePayCore;
			productName = SlidePayCore;
			productReference = 0E8ECE0D17B2C7DD000EFE1C /* libSlidePayCore.a */;
			productType = "com.apple.product-type.library.static";
		};
		0E8ECE1D17B2C7DD000EFE1C /* SlidePayCoreTests */ = {
			isa = PBXNativeTarget;
			buildConfigurationList = 0E8ECE3517B2C7DD000EFE1C /* Build configuration list for PBXNativeTarget "SlidePayCoreTests" */;
			buildPhases = (
				0E8ECE1917B2C7DD000EFE1C /* Sources */,
				0E8ECE1A17B2C7DD000EFE1C /* Frameworks */,
				0E8ECE1B17B2C7DD000EFE1C /* Resources */,
				0E8ECE1C17B2C7DD000EFE1C /* ShellScript */,
			);
			buildRules = (
			);
			dependencies = (
				0E8ECE2517B2C7DD000EFE1C /* PBXTargetDependency */,
			);
			name = SlidePayCoreTests;
			productName = SlidePayCoreTests;
			productReference = 0E8ECE1E17B2C7DD000EFE1C /* SlidePayCoreTests.octest */;
			productType = "com.apple.product-type.bundle";
		};
/* End PBXNativeTarget section */

/* Begin PBXProject section */
		0E8ECE0517B2C7DD000EFE1C /* Project object */ = {
			isa = PBXProject;
			attributes = {
				LastUpgradeCheck = 0460;
				ORGANIZATIONNAME = SlidePay;
			};
			buildConfigurationList = 0E8ECE0817B2C7DD000EFE1C /* Build configuration list for PBXProject "SlidePayCore" */;
			compatibilityVersion = "Xcode 3.2";
			developmentRegion = English;
			hasScannedForEncodings = 0;
			knownRegions = (
				en,
			);
			mainGroup = 0E8ECE0417B2C7DD000EFE1C;
			productRefGroup = 0E8ECE0E17B2C7DD000EFE1C /* Products */;
			projectDirPath = "";
			projectRoot = "";
			targets = (
				0E8ECE0C17B2C7DD000EFE1C /* SlidePayCore */,
				0E8ECE1D17B2C7DD000EFE1C /* SlidePayCoreTests */,
			);
		};
/* End PBXProject section */

/* Begin PBXResourcesBuildPhase section */
		0E8ECE1B17B2C7DD000EFE1C /* Resources */ = {
			isa = PBXResourcesBuildPhase;
			buildActionMask = 2147483647;
			files = (
				0E8ECE2C17B2C7DD000EFE1C /* InfoPlist.strings in Resources */,
			);
			runOnlyForDeploymentPostprocessing = 0;
		};
/* End PBXResourcesBuildPhase section */

/* Begin PBXShellScriptBuildPhase section */
		0E8ECE1C17B2C7DD000EFE1C /* ShellScript */ = {
			isa = PBXShellScriptBuildPhase;
			buildActionMask = 2147483647;
			files = (
			);
			inputPaths = (
			);
			outputPaths = (
			);
			runOnlyForDeploymentPostprocessing = 0;
			shellPath = /bin/sh;
			shellScript = "# Run the unit tests in this test bundle.\n\"${SYSTEM_DEVELOPER_DIR}/Tools/RunUnitTests\"\n";
		};
		3D451557CA224A1C86F232D7 /* Check Pods Manifest.lock */ = {
			isa = PBXShellScriptBuildPhase;
			buildActionMask = 2147483647;
			files = (
			);
			inputPaths = (
			);
			name = "Check Pods Manifest.lock";
			outputPaths = (
			);
			runOnlyForDeploymentPostprocessing = 0;
			shellPath = /bin/sh;
			shellScript = "diff \"${PODS_ROOT}/../Podfile.lock\" \"${PODS_ROOT}/Manifest.lock\" > /dev/null\nif [[ $? != 0 ]] ; then\n    cat << EOM\nerror: The sandbox is not in sync with the Podfile.lock. Run 'pod install' or update your CocoaPods installation.\nEOM\n    exit 1\nfi\n";
			showEnvVarsInLog = 0;
		};
		ABA0620CD4A64B74A8170F40 /* Copy Pods Resources */ = {
			isa = PBXShellScriptBuildPhase;
			buildActionMask = 2147483647;
			files = (
			);
			inputPaths = (
			);
			name = "Copy Pods Resources";
			outputPaths = (
			);
			runOnlyForDeploymentPostprocessing = 0;
			shellPath = /bin/sh;
			shellScript = "\"${SRCROOT}/Pods/Pods-resources.sh\"\n";
			showEnvVarsInLog = 0;
		};
/* End PBXShellScriptBuildPhase section */

/* Begin PBXSourcesBuildPhase section */
		0E8ECE0917B2C7DD000EFE1C /* Sources */ = {
			isa = PBXSourcesBuildPhase;
			buildActionMask = 2147483647;
			files = (
				FA9D4ABA17F0AF5900A335CA /* SPRemoteResource.m in Sources */,
				FA9D4ABD17F0E25D00A335CA /* SPPayment.m in Sources */,
				FA9D4AC117F1FE7C00A335CA /* SPAuthenticate.m in Sources */,
			);
			runOnlyForDeploymentPostprocessing = 0;
		};
		0E8ECE1917B2C7DD000EFE1C /* Sources */ = {
			isa = PBXSourcesBuildPhase;
			buildActionMask = 2147483647;
			files = (
				0E8ECE2F17B2C7DD000EFE1C /* SlidePayCoreTests.m in Sources */,
			);
			runOnlyForDeploymentPostprocessing = 0;
		};
/* End PBXSourcesBuildPhase section */

/* Begin PBXTargetDependency section */
		0E8ECE2517B2C7DD000EFE1C /* PBXTargetDependency */ = {
			isa = PBXTargetDependency;
			target = 0E8ECE0C17B2C7DD000EFE1C /* SlidePayCore */;
			targetProxy = 0E8ECE2417B2C7DD000EFE1C /* PBXContainerItemProxy */;
		};
/* End PBXTargetDependency section */

/* Begin PBXVariantGroup section */
		0E8ECE2A17B2C7DD000EFE1C /* InfoPlist.strings */ = {
			isa = PBXVariantGroup;
			children = (
				0E8ECE2B17B2C7DD000EFE1C /* en */,
			);
			name = InfoPlist.strings;
			sourceTree = "<group>";
		};
/* End PBXVariantGroup section */

/* Begin XCBuildConfiguration section */
		0E8ECE3017B2C7DD000EFE1C /* Debug */ = {
			isa = XCBuildConfiguration;
			buildSettings = {
				ALWAYS_SEARCH_USER_PATHS = NO;
				CLANG_CXX_LANGUAGE_STANDARD = "gnu++0x";
				CLANG_CXX_LIBRARY = "libc++";
				CLANG_ENABLE_OBJC_ARC = YES;
				CLANG_WARN_CONSTANT_CONVERSION = YES;
				CLANG_WARN_EMPTY_BODY = YES;
				CLANG_WARN_ENUM_CONVERSION = YES;
				CLANG_WARN_INT_CONVERSION = YES;
				CLANG_WARN__DUPLICATE_METHOD_MATCH = YES;
				COPY_PHASE_STRIP = NO;
				GCC_C_LANGUAGE_STANDARD = gnu99;
				GCC_DYNAMIC_NO_PIC = NO;
				GCC_OPTIMIZATION_LEVEL = 0;
				GCC_PREPROCESSOR_DEFINITIONS = (
					"DEBUG=1",
					"$(inherited)",
				);
				GCC_SYMBOLS_PRIVATE_EXTERN = NO;
				GCC_WARN_ABOUT_RETURN_TYPE = YES;
				GCC_WARN_UNINITIALIZED_AUTOS = YES;
				GCC_WARN_UNUSED_VARIABLE = YES;
				IPHONEOS_DEPLOYMENT_TARGET = 6.0;
				ONLY_ACTIVE_ARCH = YES;
				SDKROOT = iphoneos;
			};
			name = Debug;
		};
		0E8ECE3117B2C7DD000EFE1C /* Release */ = {
			isa = XCBuildConfiguration;
			buildSettings = {
				ALWAYS_SEARCH_USER_PATHS = NO;
				CLANG_CXX_LANGUAGE_STANDARD = "gnu++0x";
				CLANG_CXX_LIBRARY = "libc++";
				CLANG_ENABLE_OBJC_ARC = YES;
				CLANG_WARN_CONSTANT_CONVERSION = YES;
				CLANG_WARN_EMPTY_BODY = YES;
				CLANG_WARN_ENUM_CONVERSION = YES;
				CLANG_WARN_INT_CONVERSION = YES;
				CLANG_WARN__DUPLICATE_METHOD_MATCH = YES;
				COPY_PHASE_STRIP = YES;
				GCC_C_LANGUAGE_STANDARD = gnu99;
				GCC_WARN_ABOUT_RETURN_TYPE = YES;
				GCC_WARN_UNINITIALIZED_AUTOS = YES;
				GCC_WARN_UNUSED_VARIABLE = YES;
				IPHONEOS_DEPLOYMENT_TARGET = 6.0;
				SDKROOT = iphoneos;
				VALIDATE_PRODUCT = YES;
			};
			name = Release;
		};
		0E8ECE3317B2C7DD000EFE1C /* Debug */ = {
			isa = XCBuildConfiguration;
			baseConfigurationReference = EE0F50EEB6C84331A0F315B9 /* Pods.xcconfig */;
			buildSettings = {
				DSTROOT = /tmp/SlidePayCore.dst;
				GCC_PRECOMPILE_PREFIX_HEADER = YES;
				GCC_PREFIX_HEADER = "SlidePayCore/SlidePayCore-Prefix.pch";
				LIBRARY_SEARCH_PATHS = (
					"$(inherited)",
					"\"$(SRCROOT)/SlidePayCore\"",
				);
				OTHER_LDFLAGS = "$(inherited),-ObjC";
				PRODUCT_NAME = "$(TARGET_NAME)";
				SKIP_INSTALL = YES;
			};
			name = Debug;
		};
		0E8ECE3417B2C7DD000EFE1C /* Release */ = {
			isa = XCBuildConfiguration;
			baseConfigurationReference = EE0F50EEB6C84331A0F315B9 /* Pods.xcconfig */;
			buildSettings = {
				DSTROOT = /tmp/SlidePayCore.dst;
				GCC_PRECOMPILE_PREFIX_HEADER = YES;
				GCC_PREFIX_HEADER = "SlidePayCore/SlidePayCore-Prefix.pch";
				LIBRARY_SEARCH_PATHS = (
					"$(inherited)",
					"\"$(SRCROOT)/SlidePayCore\"",
				);
				OTHER_LDFLAGS = "$(inherited),-ObjC";
				PRODUCT_NAME = "$(TARGET_NAME)";
				SKIP_INSTALL = YES;
			};
			name = Release;
		};
		0E8ECE3617B2C7DD000EFE1C /* Debug */ = {
			isa = XCBuildConfiguration;
			baseConfigurationReference = EE0F50EEB6C84331A0F315B9 /* Pods.xcconfig */;
			buildSettings = {
				FRAMEWORK_SEARCH_PATHS = (
					"\"$(SDKROOT)/Developer/Library/Frameworks\"",
					"\"$(DEVELOPER_LIBRARY_DIR)/Frameworks\"",
				);
				GCC_PRECOMPILE_PREFIX_HEADER = YES;
				GCC_PREFIX_HEADER = "SlidePayCore/SlidePayCore-Prefix.pch";
				HEADER_SEARCH_PATHS = "$(inherited)";
				INFOPLIST_FILE = "SlidePayCoreTests/SlidePayCoreTests-Info.plist";
				PRODUCT_NAME = "$(TARGET_NAME)";
				WRAPPER_EXTENSION = octest;
			};
			name = Debug;
		};
		0E8ECE3717B2C7DD000EFE1C /* Release */ = {
			isa = XCBuildConfiguration;
			baseConfigurationReference = EE0F50EEB6C84331A0F315B9 /* Pods.xcconfig */;
			buildSettings = {
				FRAMEWORK_SEARCH_PATHS = (
					"\"$(SDKROOT)/Developer/Library/Frameworks\"",
					"\"$(DEVELOPER_LIBRARY_DIR)/Frameworks\"",
				);
				GCC_PRECOMPILE_PREFIX_HEADER = YES;
				GCC_PREFIX_HEADER = "SlidePayCore/SlidePayCore-Prefix.pch";
				HEADER_SEARCH_PATHS = "$(inherited)";
				INFOPLIST_FILE = "SlidePayCoreTests/SlidePayCoreTests-Info.plist";
				PRODUCT_NAME = "$(TARGET_NAME)";
				WRAPPER_EXTENSION = octest;
			};
			name = Release;
		};
/* End XCBuildConfiguration section */

/* Begin XCConfigurationList section */
		0E8ECE0817B2C7DD000EFE1C /* Build configuration list for PBXProject "SlidePayCore" */ = {
			isa = XCConfigurationList;
			buildConfigurations = (
				0E8ECE3017B2C7DD000EFE1C /* Debug */,
				0E8ECE3117B2C7DD000EFE1C /* Release */,
			);
			defaultConfigurationIsVisible = 0;
			defaultConfigurationName = Release;
		};
		0E8ECE3217B2C7DD000EFE1C /* Build configuration list for PBXNativeTarget "SlidePayCore" */ = {
			isa = XCConfigurationList;
			buildConfigurations = (
				0E8ECE3317B2C7DD000EFE1C /* Debug */,
				0E8ECE3417B2C7DD000EFE1C /* Release */,
			);
			defaultConfigurationIsVisible = 0;
			defaultConfigurationName = Release;
		};
		0E8ECE3517B2C7DD000EFE1C /* Build configuration list for PBXNativeTarget "SlidePayCoreTests" */ = {
			isa = XCConfigurationList;
			buildConfigurations = (
				0E8ECE3617B2C7DD000EFE1C /* Debug */,
				0E8ECE3717B2C7DD000EFE1C /* Release */,
			);
			defaultConfigurationIsVisible = 0;
			defaultConfigurationName = Release;
		};
/* End XCConfigurationList section */
	};
	rootObject = 0E8ECE0517B2C7DD000EFE1C /* Project object */;
}
